
Microsoft Visual Studio Solution File, Format Version 12.00
# Visual Studio 15
VisualStudioVersion = 15.0.26228.4
MinimumVisualStudioVersion = 10.0.40219.1
Project("{FAE04EC0-301F-11D3-BF4B-00C04F79EFBC}") = "SPHW4", "Homework4\SPHW4.csproj", "{C24EFC60-E8F2-4070-ADDC-79EDF40BB695}"
EndProject
Global
	GlobalSection(SolutionConfigurationPlatforms) = preSolution
		Debug|Any CPU = Debug|Any CPU
		Release|Any CPU = Release|Any CPU
	EndGlobalSection
	GlobalSection(ProjectConfigurationPlatforms) = postSolution
		{C24EFC60-E8F2-4070-ADDC-79EDF40BB695}.Debug|Any CPU.ActiveCfg = Debug|Any CPU
		{C24EFC60-E8F2-4070-ADDC-79EDF40BB695}.Debug|Any CPU.Build.0 = Debug|Any CPU
		{C24EFC60-E8F2-4070-ADDC-79EDF40BB695}.Release|Any CPU.ActiveCfg = Release|Any CPU
		{C24EFC60-E8F2-4070-ADDC-79EDF40BB695}.Release|Any CPU.Build.0 = Release|Any CPU
	EndGlobalSection
	GlobalSection(SolutionProperties) = preSolution
		HideSolutionNode = FALSE
	EndGlobalSection
	GlobalSection(ExtensibilityGlobals) = postSolution
		SolutionGuid = {59C79E87-BAB7-44D2-B41A-6C2B007BF38B}
	EndGlobalSection
EndGlobal
